
Microsoft Visual Studio Solution File, Format Version 12.00
# Visual Studio 14
VisualStudioVersion = 14.0.24720.0
MinimumVisualStudioVersion = 10.0.40219.1
Project("{FAE04EC0-301F-11D3-BF4B-00C04F79EFBC}") = "TwoWaySynonyms", "TwoWaySynonyms\TwoWaySynonyms.csproj", "{7E810F05-2495-488F-B728-2F685A5107A1}"
EndProject
Project("{FAE04EC0-301F-11D3-BF4B-00C04F79EFBC}") = "DbDomain", "DbDomain\DbDomain.csproj", "{1CAB0764-F843-40D6-84D5-81B6A683CEC7}"
EndProject
Project("{FAE04EC0-301F-11D3-BF4B-00C04F79EFBC}") = "Repository", "Repository\Repository.csproj", "{2413ABB0-D2ED-40DA-AA6B-5F7C8D052073}"
EndProject
Project("{FAE04EC0-301F-11D3-BF4B-00C04F79EFBC}") = "Logger_ToFile", "Logger_ToFile\Logger_ToFile.csproj", "{ED2CA52F-C4CC-4CFE-B8ED-0638121EFE12}"
EndProject
Global
	GlobalSection(SolutionConfigurationPlatforms) = preSolution
		Debug|Any CPU = Debug|Any CPU
		Release|Any CPU = Release|Any CPU
	EndGlobalSection
	GlobalSection(ProjectConfigurationPlatforms) = postSolution
		{7E810F05-2495-488F-B728-2F685A5107A1}.Debug|Any CPU.ActiveCfg = Debug|Any CPU
		{7E810F05-2495-488F-B728-2F685A5107A1}.Debug|Any CPU.Build.0 = Debug|Any CPU
		{7E810F05-2495-488F-B728-2F685A5107A1}.Release|Any CPU.ActiveCfg = Release|Any CPU
		{7E810F05-2495-488F-B728-2F685A5107A1}.Release|Any CPU.Build.0 = Release|Any CPU
		{1CAB0764-F843-40D6-84D5-81B6A683CEC7}.Debug|Any CPU.ActiveCfg = Debug|Any CPU
		{1CAB0764-F843-40D6-84D5-81B6A683CEC7}.Debug|Any CPU.Build.0 = Debug|Any CPU
		{1CAB0764-F843-40D6-84D5-81B6A683CEC7}.Release|Any CPU.ActiveCfg = Release|Any CPU
		{1CAB0764-F843-40D6-84D5-81B6A683CEC7}.Release|Any CPU.Build.0 = Release|Any CPU
		{2413ABB0-D2ED-40DA-AA6B-5F7C8D052073}.Debug|Any CPU.ActiveCfg = Debug|Any CPU
		{2413ABB0-D2ED-40DA-AA6B-5F7C8D052073}.Debug|Any CPU.Build.0 = Debug|Any CPU
		{2413ABB0-D2ED-40DA-AA6B-5F7C8D052073}.Release|Any CPU.ActiveCfg = Release|Any CPU
		{2413ABB0-D2ED-40DA-AA6B-5F7C8D052073}.Release|Any CPU.Build.0 = Release|Any CPU
		{ED2CA52F-C4CC-4CFE-B8ED-0638121EFE12}.Debug|Any CPU.ActiveCfg = Debug|Any CPU
		{ED2CA52F-C4CC-4CFE-B8ED-0638121EFE12}.Debug|Any CPU.Build.0 = Debug|Any CPU
		{ED2CA52F-C4CC-4CFE-B8ED-0638121EFE12}.Release|Any CPU.ActiveCfg = Release|Any CPU
		{ED2CA52F-C4CC-4CFE-B8ED-0638121EFE12}.Release|Any CPU.Build.0 = Release|Any CPU
	EndGlobalSection
	GlobalSection(SolutionProperties) = preSolution
		HideSolutionNode = FALSE
	EndGlobalSection
EndGlobal
